
Microsoft Visual Studio Solution File, Format Version 12.00
# Visual Studio 15
VisualStudioVersion = 15.0.27703.2047
MinimumVisualStudioVersion = 10.0.40219.1
Project("{8BC9CEB8-8B4A-11D0-8D11-00A0C91BC942}") = "2020011Fibonacci (1003)", "2020011Fibonacci (1003)\2020011Fibonacci (1003).vcxproj", "{27BDE2EF-25B6-462D-9E10-C06975DE821A}"
EndProject
Global
	GlobalSection(SolutionConfigurationPlatforms) = preSolution
		Debug|x64 = Debug|x64
		Debug|x86 = Debug|x86
		Release|x64 = Release|x64
		Release|x86 = Release|x86
	EndGlobalSection
	GlobalSection(ProjectConfigurationPlatforms) = postSolution
		{27BDE2EF-25B6-462D-9E10-C06975DE821A}.Debug|x64.ActiveCfg = Debug|x64
		{27BDE2EF-25B6-462D-9E10-C06975DE821A}.Debug|x64.Build.0 = Debug|x64
		{27BDE2EF-25B6-462D-9E10-C06975DE821A}.Debug|x86.ActiveCfg = Debug|Win32
		{27BDE2EF-25B6-462D-9E10-C06975DE821A}.Debug|x86.Build.0 = Debug|Win32
		{27BDE2EF-25B6-462D-9E10-C06975DE821A}.Release|x64.ActiveCfg = Release|x64
		{27BDE2EF-25B6-462D-9E10-C06975DE821A}.Release|x64.Build.0 = Release|x64
		{27BDE2EF-25B6-462D-9E10-C06975DE821A}.Release|x86.ActiveCfg = Release|Win32
		{27BDE2EF-25B6-462D-9E10-C06975DE821A}.Release|x86.Build.0 = Release|Win32
	EndGlobalSection
	GlobalSection(SolutionProperties) = preSolution
		HideSolutionNode = FALSE
	EndGlobalSection
	GlobalSection(ExtensibilityGlobals) = postSolution
		SolutionGuid = {C86339E6-356B-4659-AED6-27307C252BE5}
	EndGlobalSection
EndGlobal
